
Microsoft Visual Studio Solution File, Format Version 12.00
# Visual Studio Version 16
VisualStudioVersion = 16.0.30330.147
MinimumVisualStudioVersion = 10.0.40219.1
Project("{FAE04EC0-301F-11D3-BF4B-00C04F79EFBC}") = "twostones", "twostones\twostones.csproj", "{EB561EB9-321D-4CE2-88BA-986EBCD47C37}"
EndProject
Global
	GlobalSection(SolutionConfigurationPlatforms) = preSolution
		Debug|Any CPU = Debug|Any CPU
		Release|Any CPU = Release|Any CPU
	EndGlobalSection
	GlobalSection(ProjectConfigurationPlatforms) = postSolution
		{EB561EB9-321D-4CE2-88BA-986EBCD47C37}.Debug|Any CPU.ActiveCfg = Debug|Any CPU
		{EB561EB9-321D-4CE2-88BA-986EBCD47C37}.Debug|Any CPU.Build.0 = Debug|Any CPU
		{EB561EB9-321D-4CE2-88BA-986EBCD47C37}.Release|Any CPU.ActiveCfg = Release|Any CPU
		{EB561EB9-321D-4CE2-88BA-986EBCD47C37}.Release|Any CPU.Build.0 = Release|Any CPU
	EndGlobalSection
	GlobalSection(SolutionProperties) = preSolution
		HideSolutionNode = FALSE
	EndGlobalSection
	GlobalSection(ExtensibilityGlobals) = postSolution
		SolutionGuid = {6A479610-C80B-47CF-BC50-C09458D8D6AE}
	EndGlobalSection
EndGlobal
